
Microsoft Visual Studio Solution File, Format Version 12.00
# Visual Studio Version 17
VisualStudioVersion = 17.9.34723.18
MinimumVisualStudioVersion = 10.0.40219.1
Project("{FAE04EC0-301F-11D3-BF4B-00C04F79EFBC}") = "FacadeDesignPattern", "FacadeDesignPattern\FacadeDesignPattern.csproj", "{A681202F-1B30-41CF-9CCD-631E7588F5E8}"
EndProject
Global
	GlobalSection(SolutionConfigurationPlatforms) = preSolution
		Debug|Any CPU = Debug|Any CPU
		Release|Any CPU = Release|Any CPU
	EndGlobalSection
	GlobalSection(ProjectConfigurationPlatforms) = postSolution
		{A681202F-1B30-41CF-9CCD-631E7588F5E8}.Debug|Any CPU.ActiveCfg = Debug|Any CPU
		{A681202F-1B30-41CF-9CCD-631E7588F5E8}.Debug|Any CPU.Build.0 = Debug|Any CPU
		{A681202F-1B30-41CF-9CCD-631E7588F5E8}.Release|Any CPU.ActiveCfg = Release|Any CPU
		{A681202F-1B30-41CF-9CCD-631E7588F5E8}.Release|Any CPU.Build.0 = Release|Any CPU
	EndGlobalSection
	GlobalSection(SolutionProperties) = preSolution
		HideSolutionNode = FALSE
	EndGlobalSection
	GlobalSection(ExtensibilityGlobals) = postSolution
		SolutionGuid = {6EC80C11-04D8-4E05-B2A0-3572108A3719}
	EndGlobalSection
EndGlobal
